
Microsoft Visual Studio Solution File, Format Version 12.00
# Visual Studio Version 17
VisualStudioVersion = 17.11.35312.102
MinimumVisualStudioVersion = 10.0.40219.1
Project("{9A19103F-16F7-4668-BE54-9A1E7A4F7556}") = "Processor Boost Mode Manager", "Processor Boost Mode Manager\Processor Boost Mode Manager.csproj", "{B8EA8990-9193-4CA0-A568-FC904A41AA4F}"
EndProject
Global
	GlobalSection(SolutionConfigurationPlatforms) = preSolution
		Debug|Any CPU = Debug|Any CPU
		Release|Any CPU = Release|Any CPU
	EndGlobalSection
	GlobalSection(ProjectConfigurationPlatforms) = postSolution
		{B8EA8990-9193-4CA0-A568-FC904A41AA4F}.Debug|Any CPU.ActiveCfg = Debug|Any CPU
		{B8EA8990-9193-4CA0-A568-FC904A41AA4F}.Debug|Any CPU.Build.0 = Debug|Any CPU
		{B8EA8990-9193-4CA0-A568-FC904A41AA4F}.Release|Any CPU.ActiveCfg = Release|Any CPU
		{B8EA8990-9193-4CA0-A568-FC904A41AA4F}.Release|Any CPU.Build.0 = Release|Any CPU
	EndGlobalSection
	GlobalSection(SolutionProperties) = preSolution
		HideSolutionNode = FALSE
	EndGlobalSection
	GlobalSection(ExtensibilityGlobals) = postSolution
		SolutionGuid = {73A4AEF8-9C1E-4C0E-900D-7260C39CB22D}
	EndGlobalSection
EndGlobal
